
Microsoft Visual Studio Solution File, Format Version 12.00
# Visual Studio Version 17
VisualStudioVersion = 17.11.35312.102
MinimumVisualStudioVersion = 10.0.40219.1
Project("{FAE04EC0-301F-11D3-BF4B-00C04F79EFBC}") = "Fin", "Fin.csproj", "{4EBBC416-7038-4AE0-9A78-89A17A92C8F5}"
EndProject
Project("{2150E333-8FDC-42A3-9474-1A3956D46DE8}") = "Solution Items", "Solution Items", "{9F618F5C-6498-4169-AF30-F1330EF56E8A}"
	ProjectSection(SolutionItems) = preProject
		HardwareExtractor.cs = HardwareExtractor.cs
	EndProjectSection
EndProject
Global
	GlobalSection(SolutionConfigurationPlatforms) = preSolution
		Debug|Any CPU = Debug|Any CPU
		Release|Any CPU = Release|Any CPU
	EndGlobalSection
	GlobalSection(ProjectConfigurationPlatforms) = postSolution
		{4EBBC416-7038-4AE0-9A78-89A17A92C8F5}.Debug|Any CPU.ActiveCfg = Debug|Any CPU
		{4EBBC416-7038-4AE0-9A78-89A17A92C8F5}.Debug|Any CPU.Build.0 = Debug|Any CPU
		{4EBBC416-7038-4AE0-9A78-89A17A92C8F5}.Release|Any CPU.ActiveCfg = Release|Any CPU
		{4EBBC416-7038-4AE0-9A78-89A17A92C8F5}.Release|Any CPU.Build.0 = Release|Any CPU
	EndGlobalSection
	GlobalSection(SolutionProperties) = preSolution
		HideSolutionNode = FALSE
	EndGlobalSection
	GlobalSection(ExtensibilityGlobals) = postSolution
		SolutionGuid = {2C233E19-FDC7-4B2B-B199-E4EB88279530}
	EndGlobalSection
EndGlobal
